
Microsoft Visual Studio Solution File, Format Version 12.00
# Visual Studio 14
VisualStudioVersion = 14.0.25420.1
MinimumVisualStudioVersion = 10.0.40219.1
Project("{FAE04EC0-301F-11D3-BF4B-00C04F79EFBC}") = "MongoDB-WEB", "MongoDB-WEB\MongoDB-WEB.csproj", "{FC7CD711-DD25-405C-BC7F-7D2492BDC685}"
EndProject
Project("{FAE04EC0-301F-11D3-BF4B-00C04F79EFBC}") = "DAL", "DAL\DAL.csproj", "{248A35CB-B10E-4826-A72B-E36F641C4DA7}"
EndProject
Project("{FAE04EC0-301F-11D3-BF4B-00C04F79EFBC}") = "BLL", "BLL\BLL.csproj", "{72FE91C1-2AFF-4357-B3C1-80634CE3F12D}"
EndProject
Project("{FAE04EC0-301F-11D3-BF4B-00C04F79EFBC}") = "Model", "Model\Model.csproj", "{812DE868-6361-4B0F-83F6-2755BB65F8B0}"
EndProject
Project("{FAE04EC0-301F-11D3-BF4B-00C04F79EFBC}") = "Utility", "Utility\Utility.csproj", "{F705F86F-17DC-42EF-AD53-D6649DE7091B}"
EndProject
Project("{FAE04EC0-301F-11D3-BF4B-00C04F79EFBC}") = "ViewModel", "ViewModel\ViewModel.csproj", "{BDB90DE1-5BB5-4B09-BC70-9F539ACEC6A2}"
EndProject
Project("{FAE04EC0-301F-11D3-BF4B-00C04F79EFBC}") = "MVC", "MVC\MVC.csproj", "{BC2BB0EA-AC15-4F67-AF8F-F6CDDBA85867}"
EndProject
Project("{FAE04EC0-301F-11D3-BF4B-00C04F79EFBC}") = "API", "MongoDB-API\API.csproj", "{AF21C4CD-8BF0-4512-B43B-CEE6D4B82CFB}"
EndProject
Global
	GlobalSection(SolutionConfigurationPlatforms) = preSolution
		Debug|Any CPU = Debug|Any CPU
		Release|Any CPU = Release|Any CPU
	EndGlobalSection
	GlobalSection(ProjectConfigurationPlatforms) = postSolution
		{FC7CD711-DD25-405C-BC7F-7D2492BDC685}.Debug|Any CPU.ActiveCfg = Debug|Any CPU
		{FC7CD711-DD25-405C-BC7F-7D2492BDC685}.Debug|Any CPU.Build.0 = Debug|Any CPU
		{FC7CD711-DD25-405C-BC7F-7D2492BDC685}.Release|Any CPU.ActiveCfg = Release|Any CPU
		{FC7CD711-DD25-405C-BC7F-7D2492BDC685}.Release|Any CPU.Build.0 = Release|Any CPU
		{248A35CB-B10E-4826-A72B-E36F641C4DA7}.Debug|Any CPU.ActiveCfg = Debug|Any CPU
		{248A35CB-B10E-4826-A72B-E36F641C4DA7}.Debug|Any CPU.Build.0 = Debug|Any CPU
		{248A35CB-B10E-4826-A72B-E36F641C4DA7}.Release|Any CPU.ActiveCfg = Release|Any CPU
		{248A35CB-B10E-4826-A72B-E36F641C4DA7}.Release|Any CPU.Build.0 = Release|Any CPU
		{72FE91C1-2AFF-4357-B3C1-80634CE3F12D}.Debug|Any CPU.ActiveCfg = Debug|Any CPU
		{72FE91C1-2AFF-4357-B3C1-80634CE3F12D}.Debug|Any CPU.Build.0 = Debug|Any CPU
		{72FE91C1-2AFF-4357-B3C1-80634CE3F12D}.Release|Any CPU.ActiveCfg = Release|Any CPU
		{72FE91C1-2AFF-4357-B3C1-80634CE3F12D}.Release|Any CPU.Build.0 = Release|Any CPU
		{812DE868-6361-4B0F-83F6-2755BB65F8B0}.Debug|Any CPU.ActiveCfg = Debug|Any CPU
		{812DE868-6361-4B0F-83F6-2755BB65F8B0}.Debug|Any CPU.Build.0 = Debug|Any CPU
		{812DE868-6361-4B0F-83F6-2755BB65F8B0}.Release|Any CPU.ActiveCfg = Release|Any CPU
		{812DE868-6361-4B0F-83F6-2755BB65F8B0}.Release|Any CPU.Build.0 = Release|Any CPU
		{F705F86F-17DC-42EF-AD53-D6649DE7091B}.Debug|Any CPU.ActiveCfg = Debug|Any CPU
		{F705F86F-17DC-42EF-AD53-D6649DE7091B}.Debug|Any CPU.Build.0 = Debug|Any CPU
		{F705F86F-17DC-42EF-AD53-D6649DE7091B}.Release|Any CPU.ActiveCfg = Release|Any CPU
		{F705F86F-17DC-42EF-AD53-D6649DE7091B}.Release|Any CPU.Build.0 = Release|Any CPU
		{BDB90DE1-5BB5-4B09-BC70-9F539ACEC6A2}.Debug|Any CPU.ActiveCfg = Debug|Any CPU
		{BDB90DE1-5BB5-4B09-BC70-9F539ACEC6A2}.Debug|Any CPU.Build.0 = Debug|Any CPU
		{BDB90DE1-5BB5-4B09-BC70-9F539ACEC6A2}.Release|Any CPU.ActiveCfg = Release|Any CPU
		{BDB90DE1-5BB5-4B09-BC70-9F539ACEC6A2}.Release|Any CPU.Build.0 = Release|Any CPU
		{BC2BB0EA-AC15-4F67-AF8F-F6CDDBA85867}.Debug|Any CPU.ActiveCfg = Debug|Any CPU
		{BC2BB0EA-AC15-4F67-AF8F-F6CDDBA85867}.Debug|Any CPU.Build.0 = Debug|Any CPU
		{BC2BB0EA-AC15-4F67-AF8F-F6CDDBA85867}.Release|Any CPU.ActiveCfg = Release|Any CPU
		{BC2BB0EA-AC15-4F67-AF8F-F6CDDBA85867}.Release|Any CPU.Build.0 = Release|Any CPU
		{AF21C4CD-8BF0-4512-B43B-CEE6D4B82CFB}.Debug|Any CPU.ActiveCfg = Debug|Any CPU
		{AF21C4CD-8BF0-4512-B43B-CEE6D4B82CFB}.Debug|Any CPU.Build.0 = Debug|Any CPU
		{AF21C4CD-8BF0-4512-B43B-CEE6D4B82CFB}.Release|Any CPU.ActiveCfg = Release|Any CPU
		{AF21C4CD-8BF0-4512-B43B-CEE6D4B82CFB}.Release|Any CPU.Build.0 = Release|Any CPU
	EndGlobalSection
	GlobalSection(SolutionProperties) = preSolution
		HideSolutionNode = FALSE
	EndGlobalSection
EndGlobal
